Microsoft Visual Studio Solution File, Format Version 8.00
Project("{8BC9CEB8-8B4A-11D0-8D11-00A0C91BC942}") = "Test", "Test.vcproj", "{2428FD02-AD5D-41C3-9555-09A77B4B2C84}"
	ProjectSection(ProjectDependencies) = postProject
		{790BC113-52FB-4565-8968-79B8B011C520} = {790BC113-52FB-4565-8968-79B8B011C520}
		{6497EA41-2782-4A79-8840-6854E22EC4F4} = {6497EA41-2782-4A79-8840-6854E22EC4F4}
		{9B0335B6-93BE-4604-8497-27431874D758} = {9B0335B6-93BE-4604-8497-27431874D758}
	EndProjectSection
EndProject
Project("{8BC9CEB8-8B4A-11D0-8D11-00A0C91BC942}") = "Core", "..\..\Core\Core.vcproj", "{790BC113-52FB-4565-8968-79B8B011C520}"
	ProjectSection(ProjectDependencies) = postProject
	EndProjectSection
EndProject
Project("{8BC9CEB8-8B4A-11D0-8D11-00A0C91BC942}") = "Wcl", "..\..\WCL\Wcl.vcproj", "{9B0335B6-93BE-4604-8497-27431874D758}"
	ProjectSection(ProjectDependencies) = postProject
	EndProjectSection
EndProject
Project("{8BC9CEB8-8B4A-11D0-8D11-00A0C91BC942}") = "WMI", "..\WMI.vcproj", "{6497EA41-2782-4A79-8840-6854E22EC4F4}"
	ProjectSection(ProjectDependencies) = postProject
	EndProjectSection
EndProject
Global
	GlobalSection(DPCodeReviewSolutionGUID) = preSolution
		DPCodeReviewSolutionGUID = {00000000-0000-0000-0000-000000000000}
	EndGlobalSection
	GlobalSection(SourceCodeControl) = preSolution
		SccNumberOfProjects = 2
		SccProjectUniqueName0 = ..\\..\\Core\\Core.vcproj
		SccProjectName0 = \u0022$/Win32/Lib/Core\u0022,\u0020QWDAAAAA
		SccLocalPath0 = ..\\..\\Core
		SccProvider0 = MSSCCI:Microsoft\u0020Visual\u0020SourceSafe
		CanCheckoutShared = true
		SccProjectUniqueName1 = ..\\..\\WCL\\Wcl.vcproj
		SccProjectName1 = \u0022$/Win32/Lib/WCL\u0022,\u0020HPAAAAAA
		SccLocalPath1 = ..\\..\\WCL
		SccProvider1 = MSSCCI:Microsoft\u0020Visual\u0020SourceSafe
		CanCheckoutShared = true
	EndGlobalSection
	GlobalSection(SolutionConfiguration) = preSolution
		Debug = Debug
		Release = Release
	EndGlobalSection
	GlobalSection(ProjectDependencies) = postSolution
	EndGlobalSection
	GlobalSection(ProjectConfiguration) = postSolution
		{2428FD02-AD5D-41C3-9555-09A77B4B2C84}.Debug.ActiveCfg = Debug|Win32
		{2428FD02-AD5D-41C3-9555-09A77B4B2C84}.Debug.Build.0 = Debug|Win32
		{2428FD02-AD5D-41C3-9555-09A77B4B2C84}.Release.ActiveCfg = Release|Win32
		{2428FD02-AD5D-41C3-9555-09A77B4B2C84}.Release.Build.0 = Release|Win32
		{790BC113-52FB-4565-8968-79B8B011C520}.Debug.ActiveCfg = Debug|Win32
		{790BC113-52FB-4565-8968-79B8B011C520}.Debug.Build.0 = Debug|Win32
		{790BC113-52FB-4565-8968-79B8B011C520}.Release.ActiveCfg = Release|Win32
		{790BC113-52FB-4565-8968-79B8B011C520}.Release.Build.0 = Release|Win32
		{9B0335B6-93BE-4604-8497-27431874D758}.Debug.ActiveCfg = Debug|Win32
		{9B0335B6-93BE-4604-8497-27431874D758}.Debug.Build.0 = Debug|Win32
		{9B0335B6-93BE-4604-8497-27431874D758}.Release.ActiveCfg = Release|Win32
		{9B0335B6-93BE-4604-8497-27431874D758}.Release.Build.0 = Release|Win32
		{6497EA41-2782-4A79-8840-6854E22EC4F4}.Debug.ActiveCfg = Debug|Win32
		{6497EA41-2782-4A79-8840-6854E22EC4F4}.Debug.Build.0 = Debug|Win32
		{6497EA41-2782-4A79-8840-6854E22EC4F4}.Release.ActiveCfg = Release|Win32
		{6497EA41-2782-4A79-8840-6854E22EC4F4}.Release.Build.0 = Release|Win32
	EndGlobalSection
	GlobalSection(ExtensibilityGlobals) = postSolution
	EndGlobalSection
	GlobalSection(ExtensibilityAddIns) = postSolution
	EndGlobalSection
EndGlobal
